// !$*UTF8*$!
{
	archiveVersion = 1;
	classes = {
	};
	objectVersion = 56;
	objects = {

/* Begin PBXBuildFile section */
		449AD0392C6CA0B200B0ED37 /* AppDelegate.swift in Sources */ = {isa = PBXBuildFile; fileRef = 449AD0382C6CA0B200B0ED37 /* AppDelegate.swift */; };
		449AD03B2C6CA0B200B0ED37 /* SceneDelegate.swift in Sources */ = {isa = PBXBuildFile; fileRef = 449AD03A2C6CA0B200B0ED37 /* SceneDelegate.swift */; };
		449AD03D2C6CA0B200B0ED37 /* ViewController.swift in Sources */ = {isa = PBXBuildFile; fileRef = 449AD03C2C6CA0B200B0ED37 /* ViewController.swift */; };
		449AD0422C6CA0B400B0ED37 /* Assets.xcassets in Resources */ = {isa = PBXBuildFile; fileRef = 449AD0412C6CA0B400B0ED37 /* Assets.xcassets */; };
		449AD0452C6CA0B400B0ED37 /* Base in Resources */ = {isa = PBXBuildFile; fileRef = 449AD0442C6CA0B400B0ED37 /* Base */; };
		449AD0502C6CA19900B0ED37 /* .gitignore in Resources */ = {isa = PBXBuildFile; fileRef = 449AD04F2C6CA19900B0ED37 /* .gitignore */; };
		449AD0532C6CA23300B0ED37 /* SnapKit in Frameworks */ = {isa = PBXBuildFile; productRef = 449AD0522C6CA23300B0ED37 /* SnapKit */; };
		449AD05A2C6CD83900B0ED37 /* APIKey.swift in Sources */ = {isa = PBXBuildFile; fileRef = 449AD0592C6CD83900B0ED37 /* APIKey.swift */; };
		449AD05E2C6D787400B0ED37 /* Constant.swift in Sources */ = {isa = PBXBuildFile; fileRef = 449AD05D2C6D787400B0ED37 /* Constant.swift */; };
		449AD0602C6D892800B0ED37 /* PartialSansKR-Regular.otf in Resources */ = {isa = PBXBuildFile; fileRef = 449AD05F2C6D892800B0ED37 /* PartialSansKR-Regular.otf */; };
		449AD0642C6DC4FB00B0ED37 /* UIView+Extension.swift in Sources */ = {isa = PBXBuildFile; fileRef = 449AD0632C6DC4FB00B0ED37 /* UIView+Extension.swift */; };
		449AD0672C6DC59E00B0ED37 /* BaseView.swift in Sources */ = {isa = PBXBuildFile; fileRef = 449AD0662C6DC59E00B0ED37 /* BaseView.swift */; };
		449AD0692C6DC5B300B0ED37 /* BaseViewController.swift in Sources */ = {isa = PBXBuildFile; fileRef = 449AD0682C6DC5B300B0ED37 /* BaseViewController.swift */; };
		449AD06B2C6DC5CE00B0ED37 /* BaseTableViewCell.swift in Sources */ = {isa = PBXBuildFile; fileRef = 449AD06A2C6DC5CE00B0ED37 /* BaseTableViewCell.swift */; };
		449AD06D2C6DC5EA00B0ED37 /* BaseCollectionViewCell.swift in Sources */ = {isa = PBXBuildFile; fileRef = 449AD06C2C6DC5EA00B0ED37 /* BaseCollectionViewCell.swift */; };
		449AD0702C6DC61800B0ED37 /* Reusable.swift in Sources */ = {isa = PBXBuildFile; fileRef = 449AD06F2C6DC61800B0ED37 /* Reusable.swift */; };
		449AD0722C6DC67A00B0ED37 /* BaseViewModel.swift in Sources */ = {isa = PBXBuildFile; fileRef = 449AD0712C6DC67A00B0ED37 /* BaseViewModel.swift */; };
		449AD0742C6DCFC700B0ED37 /* TabBarController.swift in Sources */ = {isa = PBXBuildFile; fileRef = 449AD0732C6DCFC700B0ED37 /* TabBarController.swift */; };
		449AD0762C6DE9D000B0ED37 /* NetworkManager.swift in Sources */ = {isa = PBXBuildFile; fileRef = 449AD0752C6DE9D000B0ED37 /* NetworkManager.swift */; };
		449AD0792C6DE9ED00B0ED37 /* Alamofire in Frameworks */ = {isa = PBXBuildFile; productRef = 449AD0782C6DE9ED00B0ED37 /* Alamofire */; };
		449AD07B2C6DFEF700B0ED37 /* Router.swift in Sources */ = {isa = PBXBuildFile; fileRef = 449AD07A2C6DFEF700B0ED37 /* Router.swift */; };
		449AD07D2C6E0B1900B0ED37 /* HeaderKey.swift in Sources */ = {isa = PBXBuildFile; fileRef = 449AD07C2C6E0B1900B0ED37 /* HeaderKey.swift */; };
		449AD07F2C6E0BA800B0ED37 /* BodyKey.swift in Sources */ = {isa = PBXBuildFile; fileRef = 449AD07E2C6E0BA800B0ED37 /* BodyKey.swift */; };
		449AD0812C6E0E3800B0ED37 /* NetworkError.swift in Sources */ = {isa = PBXBuildFile; fileRef = 449AD0802C6E0E3800B0ED37 /* NetworkError.swift */; };
		449AD0832C6E0ED600B0ED37 /* UIViewController+Extension.swift in Sources */ = {isa = PBXBuildFile; fileRef = 449AD0822C6E0ED600B0ED37 /* UIViewController+Extension.swift */; };
		449AD0852C6F25A900B0ED37 /* LoginViewController.swift in Sources */ = {isa = PBXBuildFile; fileRef = 449AD0842C6F25A900B0ED37 /* LoginViewController.swift */; };
		449AD0882C6F260A00B0ED37 /* RxCocoa in Frameworks */ = {isa = PBXBuildFile; productRef = 449AD0872C6F260A00B0ED37 /* RxCocoa */; };
		449AD08A2C6F260A00B0ED37 /* RxSwift in Frameworks */ = {isa = PBXBuildFile; productRef = 449AD0892C6F260A00B0ED37 /* RxSwift */; };
/* End PBXBuildFile section */

/* Begin PBXFileReference section */
		449AD0352C6CA0B200B0ED37 /* ClosetReturn.app */ = {isa = PBXFileReference; explicitFileType = wrapper.application; includeInIndex = 0; path = ClosetReturn.app; sourceTree = BUILT_PRODUCTS_DIR; };
		449AD0382C6CA0B200B0ED37 /* AppDelegate.swift */ = {isa = PBXFileReference; lastKnownFileType = sourcecode.swift; path = AppDelegate.swift; sourceTree = "<group>"; };
		449AD03A2C6CA0B200B0ED37 /* SceneDelegate.swift */ = {isa = PBXFileReference; lastKnownFileType = sourcecode.swift; path = SceneDelegate.swift; sourceTree = "<group>"; };
		449AD03C2C6CA0B200B0ED37 /* ViewController.swift */ = {isa = PBXFileReference; lastKnownFileType = sourcecode.swift; path = ViewController.swift; sourceTree = "<group>"; };
		449AD0412C6CA0B400B0ED37 /* Assets.xcassets */ = {isa = PBXFileReference; lastKnownFileType = folder.assetcatalog; path = Assets.xcassets; sourceTree = "<group>"; };
		449AD0442C6CA0B400B0ED37 /* Base */ = {isa = PBXFileReference; lastKnownFileType = file.storyboard; name = Base; path = Base.lproj/LaunchScreen.storyboard; sourceTree = "<group>"; };
		449AD0462C6CA0B400B0ED37 /* Info.plist */ = {isa = PBXFileReference; lastKnownFileType = text.plist.xml; path = Info.plist; sourceTree = "<group>"; };
		449AD04F2C6CA19900B0ED37 /* .gitignore */ = {isa = PBXFileReference; lastKnownFileType = text; path = .gitignore; sourceTree = "<group>"; };
		449AD0592C6CD83900B0ED37 /* APIKey.swift */ = {isa = PBXFileReference; lastKnownFileType = sourcecode.swift; path = APIKey.swift; sourceTree = "<group>"; };
		449AD05D2C6D787400B0ED37 /* Constant.swift */ = {isa = PBXFileReference; lastKnownFileType = sourcecode.swift; path = Constant.swift; sourceTree = "<group>"; };
		449AD05F2C6D892800B0ED37 /* PartialSansKR-Regular.otf */ = {isa = PBXFileReference; lastKnownFileType = file; path = "PartialSansKR-Regular.otf"; sourceTree = "<group>"; };
		449AD0632C6DC4FB00B0ED37 /* UIView+Extension.swift */ = {isa = PBXFileReference; lastKnownFileType = sourcecode.swift; path = "UIView+Extension.swift"; sourceTree = "<group>"; };
		449AD0662C6DC59E00B0ED37 /* BaseView.swift */ = {isa = PBXFileReference; lastKnownFileType = sourcecode.swift; path = BaseView.swift; sourceTree = "<group>"; };
		449AD0682C6DC5B300B0ED37 /* BaseViewController.swift */ = {isa = PBXFileReference; lastKnownFileType = sourcecode.swift; path = BaseViewController.swift; sourceTree = "<group>"; };
		449AD06A2C6DC5CE00B0ED37 /* BaseTableViewCell.swift */ = {isa = PBXFileReference; lastKnownFileType = sourcecode.swift; path = BaseTableViewCell.swift; sourceTree = "<group>"; };
		449AD06C2C6DC5EA00B0ED37 /* BaseCollectionViewCell.swift */ = {isa = PBXFileReference; lastKnownFileType = sourcecode.swift; path = BaseCollectionViewCell.swift; sourceTree = "<group>"; };
		449AD06F2C6DC61800B0ED37 /* Reusable.swift */ = {isa = PBXFileReference; lastKnownFileType = sourcecode.swift; path = Reusable.swift; sourceTree = "<group>"; };
		449AD0712C6DC67A00B0ED37 /* BaseViewModel.swift */ = {isa = PBXFileReference; lastKnownFileType = sourcecode.swift; path = BaseViewModel.swift; sourceTree = "<group>"; };
		449AD0732C6DCFC700B0ED37 /* TabBarController.swift */ = {isa = PBXFileReference; lastKnownFileType = sourcecode.swift; path = TabBarController.swift; sourceTree = "<group>"; };
		449AD0752C6DE9D000B0ED37 /* NetworkManager.swift */ = {isa = PBXFileReference; lastKnownFileType = sourcecode.swift; path = NetworkManager.swift; sourceTree = "<group>"; };
		449AD07A2C6DFEF700B0ED37 /* Router.swift */ = {isa = PBXFileReference; lastKnownFileType = sourcecode.swift; path = Router.swift; sourceTree = "<group>"; };
		449AD07C2C6E0B1900B0ED37 /* HeaderKey.swift */ = {isa = PBXFileReference; lastKnownFileType = sourcecode.swift; path = HeaderKey.swift; sourceTree = "<group>"; };
		449AD07E2C6E0BA800B0ED37 /* BodyKey.swift */ = {isa = PBXFileReference; lastKnownFileType = sourcecode.swift; path = BodyKey.swift; sourceTree = "<group>"; };
		449AD0802C6E0E3800B0ED37 /* NetworkError.swift */ = {isa = PBXFileReference; lastKnownFileType = sourcecode.swift; path = NetworkError.swift; sourceTree = "<group>"; };
		449AD0822C6E0ED600B0ED37 /* UIViewController+Extension.swift */ = {isa = PBXFileReference; lastKnownFileType = sourcecode.swift; path = "UIViewController+Extension.swift"; sourceTree = "<group>"; };
		449AD0842C6F25A900B0ED37 /* LoginViewController.swift */ = {isa = PBXFileReference; lastKnownFileType = sourcecode.swift; path = LoginViewController.swift; sourceTree = "<group>"; };
/* End PBXFileReference section */

/* Begin PBXFrameworksBuildPhase section */
		449AD0322C6CA0B200B0ED37 /* Frameworks */ = {
			isa = PBXFrameworksBuildPhase;
			buildActionMask = 2147483647;
			files = (
				449AD0882C6F260A00B0ED37 /* RxCocoa in Frameworks */,
				449AD0532C6CA23300B0ED37 /* SnapKit in Frameworks */,
				449AD08A2C6F260A00B0ED37 /* RxSwift in Frameworks */,
				449AD0792C6DE9ED00B0ED37 /* Alamofire in Frameworks */,
			);
			runOnlyForDeploymentPostprocessing = 0;
		};
/* End PBXFrameworksBuildPhase section */

/* Begin PBXGroup section */
		449AD02C2C6CA0B200B0ED37 = {
			isa = PBXGroup;
			children = (
				449AD04F2C6CA19900B0ED37 /* .gitignore */,
				449AD0372C6CA0B200B0ED37 /* ClosetReturn */,
				449AD0362C6CA0B200B0ED37 /* Products */,
			);
			sourceTree = "<group>";
		};
		449AD0362C6CA0B200B0ED37 /* Products */ = {
			isa = PBXGroup;
			children = (
				449AD0352C6CA0B200B0ED37 /* ClosetReturn.app */,
			);
			name = Products;
			sourceTree = "<group>";
		};
		449AD0372C6CA0B200B0ED37 /* ClosetReturn */ = {
			isa = PBXGroup;
			children = (
				449AD04D2C6CA11900B0ED37 /* Application */,
				449AD0542C6CD78800B0ED37 /* Common */,
				449AD0552C6CD79900B0ED37 /* Service */,
				449AD0582C6CD7CF00B0ED37 /* Model */,
				449AD04E2C6CA12300B0ED37 /* Presentation */,
				449AD04C2C6CA10300B0ED37 /* Resource */,
			);
			path = ClosetReturn;
			sourceTree = "<group>";
		};
		449AD04C2C6CA10300B0ED37 /* Resource */ = {
			isa = PBXGroup;
			children = (
				449AD0612C6D8B6100B0ED37 /* Fonts */,
				449AD0412C6CA0B400B0ED37 /* Assets.xcassets */,
				449AD0432C6CA0B400B0ED37 /* LaunchScreen.storyboard */,
				449AD0462C6CA0B400B0ED37 /* Info.plist */,
			);
			path = Resource;
			sourceTree = "<group>";
		};
		449AD04D2C6CA11900B0ED37 /* Application */ = {
			isa = PBXGroup;
			children = (
				449AD0382C6CA0B200B0ED37 /* AppDelegate.swift */,
				449AD03A2C6CA0B200B0ED37 /* SceneDelegate.swift */,
			);
			path = Application;
			sourceTree = "<group>";
		};
		449AD04E2C6CA12300B0ED37 /* Presentation */ = {
			isa = PBXGroup;
			children = (
				449AD0732C6DCFC700B0ED37 /* TabBarController.swift */,
				449AD03C2C6CA0B200B0ED37 /* ViewController.swift */,
				449AD05B2C6CDCB800B0ED37 /* Onboarding */,
			);
			path = Presentation;
			sourceTree = "<group>";
		};
		449AD0542C6CD78800B0ED37 /* Common */ = {
			isa = PBXGroup;
			children = (
				449AD05D2C6D787400B0ED37 /* Constant.swift */,
				449AD0652C6DC59400B0ED37 /* Base */,
				449AD06E2C6DC60900B0ED37 /* Protocols */,
				449AD0622C6DC4CF00B0ED37 /* Extensions */,
			);
			path = Common;
			sourceTree = "<group>";
		};
		449AD0552C6CD79900B0ED37 /* Service */ = {
			isa = PBXGroup;
			children = (
				449AD0572C6CD7AC00B0ED37 /* Database */,
				449AD0562C6CD7A600B0ED37 /* Network */,
			);
			path = Service;
			sourceTree = "<group>";
		};
		449AD0562C6CD7A600B0ED37 /* Network */ = {
			isa = PBXGroup;
			children = (
				449AD0752C6DE9D000B0ED37 /* NetworkManager.swift */,
				449AD07A2C6DFEF700B0ED37 /* Router.swift */,
				449AD0592C6CD83900B0ED37 /* APIKey.swift */,
				449AD07C2C6E0B1900B0ED37 /* HeaderKey.swift */,
				449AD07E2C6E0BA800B0ED37 /* BodyKey.swift */,
				449AD0802C6E0E3800B0ED37 /* NetworkError.swift */,
			);
			path = Network;
			sourceTree = "<group>";
		};
		449AD0572C6CD7AC00B0ED37 /* Database */ = {
			isa = PBXGroup;
			children = (
			);
			path = Database;
			sourceTree = "<group>";
		};
		449AD0582C6CD7CF00B0ED37 /* Model */ = {
			isa = PBXGroup;
			children = (
			);
			path = Model;
			sourceTree = "<group>";
		};
		449AD05B2C6CDCB800B0ED37 /* Onboarding */ = {
			isa = PBXGroup;
			children = (
				449AD0842C6F25A900B0ED37 /* LoginViewController.swift */,
			);
			path = Onboarding;
			sourceTree = "<group>";
		};
		449AD0612C6D8B6100B0ED37 /* Fonts */ = {
			isa = PBXGroup;
			children = (
				449AD05F2C6D892800B0ED37 /* PartialSansKR-Regular.otf */,
			);
			path = Fonts;
			sourceTree = "<group>";
		};
		449AD0622C6DC4CF00B0ED37 /* Extensions */ = {
			isa = PBXGroup;
			children = (
				449AD0632C6DC4FB00B0ED37 /* UIView+Extension.swift */,
				449AD0822C6E0ED600B0ED37 /* UIViewController+Extension.swift */,
			);
			path = Extensions;
			sourceTree = "<group>";
		};
		449AD0652C6DC59400B0ED37 /* Base */ = {
			isa = PBXGroup;
			children = (
				449AD0662C6DC59E00B0ED37 /* BaseView.swift */,
				449AD0682C6DC5B300B0ED37 /* BaseViewController.swift */,
				449AD06A2C6DC5CE00B0ED37 /* BaseTableViewCell.swift */,
				449AD06C2C6DC5EA00B0ED37 /* BaseCollectionViewCell.swift */,
			);
			path = Base;
			sourceTree = "<group>";
		};
		449AD06E2C6DC60900B0ED37 /* Protocols */ = {
			isa = PBXGroup;
			children = (
				449AD06F2C6DC61800B0ED37 /* Reusable.swift */,
				449AD0712C6DC67A00B0ED37 /* BaseViewModel.swift */,
			);
			path = Protocols;
			sourceTree = "<group>";
		};
/* End PBXGroup section */

/* Begin PBXNativeTarget section */
		449AD0342C6CA0B200B0ED37 /* ClosetReturn */ = {
			isa = PBXNativeTarget;
			buildConfigurationList = 449AD0492C6CA0B400B0ED37 /* Build configuration list for PBXNativeTarget "ClosetReturn" */;
			buildPhases = (
				449AD0312C6CA0B200B0ED37 /* Sources */,
				449AD0322C6CA0B200B0ED37 /* Frameworks */,
				449AD0332C6CA0B200B0ED37 /* Resources */,
			);
			buildRules = (
			);
			dependencies = (
			);
			name = ClosetReturn;
			packageProductDependencies = (
				449AD0522C6CA23300B0ED37 /* SnapKit */,
				449AD0782C6DE9ED00B0ED37 /* Alamofire */,
				449AD0872C6F260A00B0ED37 /* RxCocoa */,
				449AD0892C6F260A00B0ED37 /* RxSwift */,
			);
			productName = ClosetReturn;
			productReference = 449AD0352C6CA0B200B0ED37 /* ClosetReturn.app */;
			productType = "com.apple.product-type.application";
		};
/* End PBXNativeTarget section */

/* Begin PBXProject section */
		449AD02D2C6CA0B200B0ED37 /* Project object */ = {
			isa = PBXProject;
			attributes = {
				BuildIndependentTargetsInParallel = 1;
				LastSwiftUpdateCheck = 1530;
				LastUpgradeCheck = 1530;
				TargetAttributes = {
					449AD0342C6CA0B200B0ED37 = {
						CreatedOnToolsVersion = 15.3;
					};
				};
			};
			buildConfigurationList = 449AD0302C6CA0B200B0ED37 /* Build configuration list for PBXProject "ClosetReturn" */;
			compatibilityVersion = "Xcode 14.0";
			developmentRegion = en;
			hasScannedForEncodings = 0;
			knownRegions = (
				en,
				Base,
			);
			mainGroup = 449AD02C2C6CA0B200B0ED37;
			packageReferences = (
				449AD0512C6CA23300B0ED37 /* XCRemoteSwiftPackageReference "SnapKit" */,
				449AD0772C6DE9ED00B0ED37 /* XCRemoteSwiftPackageReference "Alamofire" */,
				449AD0862C6F260A00B0ED37 /* XCRemoteSwiftPackageReference "RxSwift" */,
			);
			productRefGroup = 449AD0362C6CA0B200B0ED37 /* Products */;
			projectDirPath = "";
			projectRoot = "";
			targets = (
				449AD0342C6CA0B200B0ED37 /* ClosetReturn */,
			);
		};
/* End PBXProject section */

/* Begin PBXResourcesBuildPhase section */
		449AD0332C6CA0B200B0ED37 /* Resources */ = {
			isa = PBXResourcesBuildPhase;
			buildActionMask = 2147483647;
			files = (
				449AD0422C6CA0B400B0ED37 /* Assets.xcassets in Resources */,
				449AD0502C6CA19900B0ED37 /* .gitignore in Resources */,
				449AD0602C6D892800B0ED37 /* PartialSansKR-Regular.otf in Resources */,
				449AD0452C6CA0B400B0ED37 /* Base in Resources */,
			);
			runOnlyForDeploymentPostprocessing = 0;
		};
/* End PBXResourcesBuildPhase section */

/* Begin PBXSourcesBuildPhase section */
		449AD0312C6CA0B200B0ED37 /* Sources */ = {
			isa = PBXSourcesBuildPhase;
			buildActionMask = 2147483647;
			files = (
				449AD07D2C6E0B1900B0ED37 /* HeaderKey.swift in Sources */,
				449AD0642C6DC4FB00B0ED37 /* UIView+Extension.swift in Sources */,
				449AD0742C6DCFC700B0ED37 /* TabBarController.swift in Sources */,
				449AD0702C6DC61800B0ED37 /* Reusable.swift in Sources */,
				449AD03D2C6CA0B200B0ED37 /* ViewController.swift in Sources */,
				449AD0392C6CA0B200B0ED37 /* AppDelegate.swift in Sources */,
				449AD05E2C6D787400B0ED37 /* Constant.swift in Sources */,
				449AD0722C6DC67A00B0ED37 /* BaseViewModel.swift in Sources */,
				449AD0852C6F25A900B0ED37 /* LoginViewController.swift in Sources */,
				449AD0832C6E0ED600B0ED37 /* UIViewController+Extension.swift in Sources */,
				449AD07B2C6DFEF700B0ED37 /* Router.swift in Sources */,
				449AD06B2C6DC5CE00B0ED37 /* BaseTableViewCell.swift in Sources */,
				449AD06D2C6DC5EA00B0ED37 /* BaseCollectionViewCell.swift in Sources */,
				449AD07F2C6E0BA800B0ED37 /* BodyKey.swift in Sources */,
				449AD0672C6DC59E00B0ED37 /* BaseView.swift in Sources */,
				449AD0762C6DE9D000B0ED37 /* NetworkManager.swift in Sources */,
				449AD0692C6DC5B300B0ED37 /* BaseViewController.swift in Sources */,
				449AD0812C6E0E3800B0ED37 /* NetworkError.swift in Sources */,
				449AD05A2C6CD83900B0ED37 /* APIKey.swift in Sources */,
				449AD03B2C6CA0B200B0ED37 /* SceneDelegate.swift in Sources */,
			);
			runOnlyForDeploymentPostprocessing = 0;
		};
/* End PBXSourcesBuildPhase section */

/* Begin PBXVariantGroup section */
		449AD0432C6CA0B400B0ED37 /* LaunchScreen.storyboard */ = {
			isa = PBXVariantGroup;
			children = (
				449AD0442C6CA0B400B0ED37 /* Base */,
			);
			name = LaunchScreen.storyboard;
			sourceTree = "<group>";
		};
/* End PBXVariantGroup section */

/* Begin XCBuildConfiguration section */
		449AD0472C6CA0B400B0ED37 /* Debug */ = {
			isa = XCBuildConfiguration;
			buildSettings = {
				ALWAYS_SEARCH_USER_PATHS = NO;
				ASSETCATALOG_COMPILER_GENERATE_SWIFT_ASSET_SYMBOL_EXTENSIONS = YES;
				CLANG_ANALYZER_NONNULL = YES;
				CLANG_ANALYZER_NUMBER_OBJECT_CONVERSION = YES_AGGRESSIVE;
				CLANG_CXX_LANGUAGE_STANDARD = "gnu++20";
				CLANG_ENABLE_MODULES = YES;
				CLANG_ENABLE_OBJC_ARC = YES;
				CLANG_ENABLE_OBJC_WEAK = YES;
				CLANG_WARN_BLOCK_CAPTURE_AUTORELEASING = YES;
				CLANG_WARN_BOOL_CONVERSION = YES;
				CLANG_WARN_COMMA = YES;
				CLANG_WARN_CONSTANT_CONVERSION = YES;
				CLANG_WARN_DEPRECATED_OBJC_IMPLEMENTATIONS = YES;
				CLANG_WARN_DIRECT_OBJC_ISA_USAGE = YES_ERROR;
				CLANG_WARN_DOCUMENTATION_COMMENTS = YES;
				CLANG_WARN_EMPTY_BODY = YES;
				CLANG_WARN_ENUM_CONVERSION = YES;
				CLANG_WARN_INFINITE_RECURSION = YES;
				CLANG_WARN_INT_CONVERSION = YES;
				CLANG_WARN_NON_LITERAL_NULL_CONVERSION = YES;
				CLANG_WARN_OBJC_IMPLICIT_RETAIN_SELF = YES;
				CLANG_WARN_OBJC_LITERAL_CONVERSION = YES;
				CLANG_WARN_OBJC_ROOT_CLASS = YES_ERROR;
				CLANG_WARN_QUOTED_INCLUDE_IN_FRAMEWORK_HEADER = YES;
				CLANG_WARN_RANGE_LOOP_ANALYSIS = YES;
				CLANG_WARN_STRICT_PROTOTYPES = YES;
				CLANG_WARN_SUSPICIOUS_MOVE = YES;
				CLANG_WARN_UNGUARDED_AVAILABILITY = YES_AGGRESSIVE;
				CLANG_WARN_UNREACHABLE_CODE = YES;
				CLANG_WARN__DUPLICATE_METHOD_MATCH = YES;
				COPY_PHASE_STRIP = NO;
				DEBUG_INFORMATION_FORMAT = dwarf;
				ENABLE_STRICT_OBJC_MSGSEND = YES;
				ENABLE_TESTABILITY = YES;
				ENABLE_USER_SCRIPT_SANDBOXING = YES;
				GCC_C_LANGUAGE_STANDARD = gnu17;
				GCC_DYNAMIC_NO_PIC = NO;
				GCC_NO_COMMON_BLOCKS = YES;
				GCC_OPTIMIZATION_LEVEL = 0;
				GCC_PREPROCESSOR_DEFINITIONS = (
					"DEBUG=1",
					"$(inherited)",
				);
				GCC_WARN_64_TO_32_BIT_CONVERSION = YES;
				GCC_WARN_ABOUT_RETURN_TYPE = YES_ERROR;
				GCC_WARN_UNDECLARED_SELECTOR = YES;
				GCC_WARN_UNINITIALIZED_AUTOS = YES_AGGRESSIVE;
				GCC_WARN_UNUSED_FUNCTION = YES;
				GCC_WARN_UNUSED_VARIABLE = YES;
				IPHONEOS_DEPLOYMENT_TARGET = 17.4;
				LOCALIZATION_PREFERS_STRING_CATALOGS = YES;
				MTL_ENABLE_DEBUG_INFO = INCLUDE_SOURCE;
				MTL_FAST_MATH = YES;
				ONLY_ACTIVE_ARCH = YES;
				SDKROOT = iphoneos;
				SWIFT_ACTIVE_COMPILATION_CONDITIONS = "DEBUG $(inherited)";
				SWIFT_OPTIMIZATION_LEVEL = "-Onone";
			};
			name = Debug;
		};
		449AD0482C6CA0B400B0ED37 /* Release */ = {
			isa = XCBuildConfiguration;
			buildSettings = {
				ALWAYS_SEARCH_USER_PATHS = NO;
				ASSETCATALOG_COMPILER_GENERATE_SWIFT_ASSET_SYMBOL_EXTENSIONS = YES;
				CLANG_ANALYZER_NONNULL = YES;
				CLANG_ANALYZER_NUMBER_OBJECT_CONVERSION = YES_AGGRESSIVE;
				CLANG_CXX_LANGUAGE_STANDARD = "gnu++20";
				CLANG_ENABLE_MODULES = YES;
				CLANG_ENABLE_OBJC_ARC = YES;
				CLANG_ENABLE_OBJC_WEAK = YES;
				CLANG_WARN_BLOCK_CAPTURE_AUTORELEASING = YES;
				CLANG_WARN_BOOL_CONVERSION = YES;
				CLANG_WARN_COMMA = YES;
				CLANG_WARN_CONSTANT_CONVERSION = YES;
				CLANG_WARN_DEPRECATED_OBJC_IMPLEMENTATIONS = YES;
				CLANG_WARN_DIRECT_OBJC_ISA_USAGE = YES_ERROR;
				CLANG_WARN_DOCUMENTATION_COMMENTS = YES;
				CLANG_WARN_EMPTY_BODY = YES;
				CLANG_WARN_ENUM_CONVERSION = YES;
				CLANG_WARN_INFINITE_RECURSION = YES;
				CLANG_WARN_INT_CONVERSION = YES;
				CLANG_WARN_NON_LITERAL_NULL_CONVERSION = YES;
				CLANG_WARN_OBJC_IMPLICIT_RETAIN_SELF = YES;
				CLANG_WARN_OBJC_LITERAL_CONVERSION = YES;
				CLANG_WARN_OBJC_ROOT_CLASS = YES_ERROR;
				CLANG_WARN_QUOTED_INCLUDE_IN_FRAMEWORK_HEADER = YES;
				CLANG_WARN_RANGE_LOOP_ANALYSIS = YES;
				CLANG_WARN_STRICT_PROTOTYPES = YES;
				CLANG_WARN_SUSPICIOUS_MOVE = YES;
				CLANG_WARN_UNGUARDED_AVAILABILITY = YES_AGGRESSIVE;
				CLANG_WARN_UNREACHABLE_CODE = YES;
				CLANG_WARN__DUPLICATE_METHOD_MATCH = YES;
				COPY_PHASE_STRIP = NO;
				DEBUG_INFORMATION_FORMAT = "dwarf-with-dsym";
				ENABLE_NS_ASSERTIONS = NO;
				ENABLE_STRICT_OBJC_MSGSEND = YES;
				ENABLE_USER_SCRIPT_SANDBOXING = YES;
				GCC_C_LANGUAGE_STANDARD = gnu17;
				GCC_NO_COMMON_BLOCKS = YES;
				GCC_WARN_64_TO_32_BIT_CONVERSION = YES;
				GCC_WARN_ABOUT_RETURN_TYPE = YES_ERROR;
				GCC_WARN_UNDECLARED_SELECTOR = YES;
				GCC_WARN_UNINITIALIZED_AUTOS = YES_AGGRESSIVE;
				GCC_WARN_UNUSED_FUNCTION = YES;
				GCC_WARN_UNUSED_VARIABLE = YES;
				IPHONEOS_DEPLOYMENT_TARGET = 17.4;
				LOCALIZATION_PREFERS_STRING_CATALOGS = YES;
				MTL_ENABLE_DEBUG_INFO = NO;
				MTL_FAST_MATH = YES;
				SDKROOT = iphoneos;
				SWIFT_COMPILATION_MODE = wholemodule;
				VALIDATE_PRODUCT = YES;
			};
			name = Release;
		};
		449AD04A2C6CA0B400B0ED37 /* Debug */ = {
			isa = XCBuildConfiguration;
			buildSettings = {
				ASSETCATALOG_COMPILER_APPICON_NAME = AppIcon;
				ASSETCATALOG_COMPILER_GLOBAL_ACCENT_COLOR_NAME = AccentColor;
				CODE_SIGN_STYLE = Automatic;
				CURRENT_PROJECT_VERSION = 1;
				DEVELOPMENT_TEAM = 9M37U587ZT;
				GENERATE_INFOPLIST_FILE = YES;
				INFOPLIST_FILE = ClosetReturn/Resource/Info.plist;
				INFOPLIST_KEY_UIApplicationSupportsIndirectInputEvents = YES;
				INFOPLIST_KEY_UILaunchStoryboardName = LaunchScreen;
				INFOPLIST_KEY_UISupportedInterfaceOrientations = UIInterfaceOrientationPortrait;
				INFOPLIST_KEY_UISupportedInterfaceOrientations_iPad = UIInterfaceOrientationPortrait;
				IPHONEOS_DEPLOYMENT_TARGET = 16.0;
				LD_RUNPATH_SEARCH_PATHS = (
					"$(inherited)",
					"@executable_path/Frameworks",
				);
				MARKETING_VERSION = 1.0;
				PRODUCT_BUNDLE_IDENTIFIER = com.daeyunkwon.ClosetReturn;
				PRODUCT_NAME = "$(TARGET_NAME)";
				SUPPORTED_PLATFORMS = "iphoneos iphonesimulator";
				SUPPORTS_MACCATALYST = NO;
				SUPPORTS_MAC_DESIGNED_FOR_IPHONE_IPAD = NO;
				SUPPORTS_XR_DESIGNED_FOR_IPHONE_IPAD = NO;
				SWIFT_EMIT_LOC_STRINGS = YES;
				SWIFT_VERSION = 5.0;
				TARGETED_DEVICE_FAMILY = 1;
			};
			name = Debug;
		};
		449AD04B2C6CA0B400B0ED37 /* Release */ = {
			isa = XCBuildConfiguration;
			buildSettings = {
				ASSETCATALOG_COMPILER_APPICON_NAME = AppIcon;
				ASSETCATALOG_COMPILER_GLOBAL_ACCENT_COLOR_NAME = AccentColor;
				CODE_SIGN_STYLE = Automatic;
				CURRENT_PROJECT_VERSION = 1;
				DEVELOPMENT_TEAM = 9M37U587ZT;
				GENERATE_INFOPLIST_FILE = YES;
				INFOPLIST_FILE = ClosetReturn/Resource/Info.plist;
				INFOPLIST_KEY_UIApplicationSupportsIndirectInputEvents = YES;
				INFOPLIST_KEY_UILaunchStoryboardName = LaunchScreen;
				INFOPLIST_KEY_UISupportedInterfaceOrientations = UIInterfaceOrientationPortrait;
				INFOPLIST_KEY_UISupportedInterfaceOrientations_iPad = UIInterfaceOrientationPortrait;
				IPHONEOS_DEPLOYMENT_TARGET = 16.0;
				LD_RUNPATH_SEARCH_PATHS = (
					"$(inherited)",
					"@executable_path/Frameworks",
				);
				MARKETING_VERSION = 1.0;
				PRODUCT_BUNDLE_IDENTIFIER = com.daeyunkwon.ClosetReturn;
				PRODUCT_NAME = "$(TARGET_NAME)";
				SUPPORTED_PLATFORMS = "iphoneos iphonesimulator";
				SUPPORTS_MACCATALYST = NO;
				SUPPORTS_MAC_DESIGNED_FOR_IPHONE_IPAD = NO;
				SUPPORTS_XR_DESIGNED_FOR_IPHONE_IPAD = NO;
				SWIFT_EMIT_LOC_STRINGS = YES;
				SWIFT_VERSION = 5.0;
				TARGETED_DEVICE_FAMILY = 1;
			};
			name = Release;
		};
/* End XCBuildConfiguration section */

/* Begin XCConfigurationList section */
		449AD0302C6CA0B200B0ED37 /* Build configuration list for PBXProject "ClosetReturn" */ = {
			isa = XCConfigurationList;
			buildConfigurations = (
				449AD0472C6CA0B400B0ED37 /* Debug */,
				449AD0482C6CA0B400B0ED37 /* Release */,
			);
			defaultConfigurationIsVisible = 0;
			defaultConfigurationName = Release;
		};
		449AD0492C6CA0B400B0ED37 /* Build configuration list for PBXNativeTarget "ClosetReturn" */ = {
			isa = XCConfigurationList;
			buildConfigurations = (
				449AD04A2C6CA0B400B0ED37 /* Debug */,
				449AD04B2C6CA0B400B0ED37 /* Release */,
			);
			defaultConfigurationIsVisible = 0;
			defaultConfigurationName = Release;
		};
/* End XCConfigurationList section */

/* Begin XCRemoteSwiftPackageReference section */
		449AD0512C6CA23300B0ED37 /* XCRemoteSwiftPackageReference "SnapKit" */ = {
			isa = XCRemoteSwiftPackageReference;
			repositoryURL = "https://github.com/SnapKit/SnapKit";
			requirement = {
				kind = upToNextMajorVersion;
				minimumVersion = 5.7.1;
			};
		};
		449AD0772C6DE9ED00B0ED37 /* XCRemoteSwiftPackageReference "Alamofire" */ = {
			isa = XCRemoteSwiftPackageReference;
			repositoryURL = "https://github.com/Alamofire/Alamofire";
			requirement = {
				kind = upToNextMajorVersion;
				minimumVersion = 5.9.1;
			};
		};
		449AD0862C6F260A00B0ED37 /* XCRemoteSwiftPackageReference "RxSwift" */ = {
			isa = XCRemoteSwiftPackageReference;
			repositoryURL = "https://github.com/ReactiveX/RxSwift";
			requirement = {
				kind = upToNextMajorVersion;
				minimumVersion = 6.7.1;
			};
		};
/* End XCRemoteSwiftPackageReference section */

/* Begin XCSwiftPackageProductDependency section */
		449AD0522C6CA23300B0ED37 /* SnapKit */ = {
			isa = XCSwiftPackageProductDependency;
			package = 449AD0512C6CA23300B0ED37 /* XCRemoteSwiftPackageReference "SnapKit" */;
			productName = SnapKit;
		};
		449AD0782C6DE9ED00B0ED37 /* Alamofire */ = {
			isa = XCSwiftPackageProductDependency;
			package = 449AD0772C6DE9ED00B0ED37 /* XCRemoteSwiftPackageReference "Alamofire" */;
			productName = Alamofire;
		};
		449AD0872C6F260A00B0ED37 /* RxCocoa */ = {
			isa = XCSwiftPackageProductDependency;
			package = 449AD0862C6F260A00B0ED37 /* XCRemoteSwiftPackageReference "RxSwift" */;
			productName = RxCocoa;
		};
		449AD0892C6F260A00B0ED37 /* RxSwift */ = {
			isa = XCSwiftPackageProductDependency;
			package = 449AD0862C6F260A00B0ED37 /* XCRemoteSwiftPackageReference "RxSwift" */;
			productName = RxSwift;
		};
/* End XCSwiftPackageProductDependency section */
	};
	rootObject = 449AD02D2C6CA0B200B0ED37 /* Project object */;
}
